
Microsoft Visual Studio Solution File, Format Version 12.00
# Visual Studio Version 16
VisualStudioVersion = 16.0.30523.141
MinimumVisualStudioVersion = 10.0.40219.1
Project("{FAE04EC0-301F-11D3-BF4B-00C04F79EFBC}") = "CoffeeClub", "CoffeeClub\CoffeeClub.csproj", "{B8536667-012D-4B8D-A060-B5EB8AAEA15F}"
EndProject
Global
	GlobalSection(SolutionConfigurationPlatforms) = preSolution
		Debug|Any CPU = Debug|Any CPU
		Release|Any CPU = Release|Any CPU
	EndGlobalSection
	GlobalSection(ProjectConfigurationPlatforms) = postSolution
		{B8536667-012D-4B8D-A060-B5EB8AAEA15F}.Debug|Any CPU.ActiveCfg = Debug|Any CPU
		{B8536667-012D-4B8D-A060-B5EB8AAEA15F}.Debug|Any CPU.Build.0 = Debug|Any CPU
		{B8536667-012D-4B8D-A060-B5EB8AAEA15F}.Release|Any CPU.ActiveCfg = Release|Any CPU
		{B8536667-012D-4B8D-A060-B5EB8AAEA15F}.Release|Any CPU.Build.0 = Release|Any CPU
	EndGlobalSection
	GlobalSection(SolutionProperties) = preSolution
		HideSolutionNode = FALSE
	EndGlobalSection
	GlobalSection(ExtensibilityGlobals) = postSolution
		SolutionGuid = {439C162E-B52D-4EBA-BC6F-4A9A27D75020}
	EndGlobalSection
EndGlobal
